
Microsoft Visual Studio Solution File, Format Version 12.00
# Visual Studio Version 17
VisualStudioVersion = 17.0.31612.314
MinimumVisualStudioVersion = 10.0.40219.1
Project("{FAE04EC0-301F-11D3-BF4B-00C04F79EFBC}") = "RegistrationSystem", "RegistrationSystem\RegistrationSystem.csproj", "{13E7E8D1-2308-4B10-BCB6-023409042F33}"
EndProject
Project("{2150E333-8FDC-42A3-9474-1A3956D46DE8}") = "Solution Items", "Solution Items", "{A18226A6-20AF-45C5-B514-F606B770A264}"
	ProjectSection(SolutionItems) = preProject
		.editorconfig = .editorconfig
	EndProjectSection
EndProject
Project("{00D1A9C2-B5F0-4AF3-8072-F6C62B433612}") = "MajorProjectDB", "MajorProjectDB\MajorProjectDB.sqlproj", "{39D1F57A-BE5B-45C9-8CA3-AEBE3A6EAE48}"
EndProject
Global
	GlobalSection(SolutionConfigurationPlatforms) = preSolution
		Debug|Any CPU = Debug|Any CPU
		Release|Any CPU = Release|Any CPU
	EndGlobalSection
	GlobalSection(ProjectConfigurationPlatforms) = postSolution
		{13E7E8D1-2308-4B10-BCB6-023409042F33}.Debug|Any CPU.ActiveCfg = Debug|Any CPU
		{13E7E8D1-2308-4B10-BCB6-023409042F33}.Debug|Any CPU.Build.0 = Debug|Any CPU
		{13E7E8D1-2308-4B10-BCB6-023409042F33}.Release|Any CPU.ActiveCfg = Release|Any CPU
		{13E7E8D1-2308-4B10-BCB6-023409042F33}.Release|Any CPU.Build.0 = Release|Any CPU
		{39D1F57A-BE5B-45C9-8CA3-AEBE3A6EAE48}.Debug|Any CPU.ActiveCfg = Debug|Any CPU
		{39D1F57A-BE5B-45C9-8CA3-AEBE3A6EAE48}.Debug|Any CPU.Build.0 = Debug|Any CPU
		{39D1F57A-BE5B-45C9-8CA3-AEBE3A6EAE48}.Debug|Any CPU.Deploy.0 = Debug|Any CPU
		{39D1F57A-BE5B-45C9-8CA3-AEBE3A6EAE48}.Release|Any CPU.ActiveCfg = Release|Any CPU
		{39D1F57A-BE5B-45C9-8CA3-AEBE3A6EAE48}.Release|Any CPU.Build.0 = Release|Any CPU
		{39D1F57A-BE5B-45C9-8CA3-AEBE3A6EAE48}.Release|Any CPU.Deploy.0 = Release|Any CPU
	EndGlobalSection
	GlobalSection(SolutionProperties) = preSolution
		HideSolutionNode = FALSE
	EndGlobalSection
	GlobalSection(ExtensibilityGlobals) = postSolution
		SolutionGuid = {949B3927-0485-46CE-A763-0BB1C057B122}
	EndGlobalSection
EndGlobal
